
Microsoft Visual Studio Solution File, Format Version 12.00
# Visual Studio Version 17
VisualStudioVersion = 17.5.002.0
MinimumVisualStudioVersion = 10.0.40219.1
Project("{2150E333-8FDC-42A3-9474-1A3956D46DE8}") = "csharp-prep", "csharp-prep", "{16D95D32-AF4E-472F-B9D4-23A756825CB7}"
EndProject
Project("{9A19103F-16F7-4668-BE54-9A1E7A4F7556}") = "Prep1", "csharp-prep\Prep1\Prep1.csproj", "{4C04B48C-9920-4036-A5EE-D73DA8D37B39}"
EndProject
Project("{9A19103F-16F7-4668-BE54-9A1E7A4F7556}") = "Prep2", "csharp-prep\Prep2\Prep2.csproj", "{1091DDDC-B8AF-4DDA-992D-108031947308}"
EndProject
Project("{9A19103F-16F7-4668-BE54-9A1E7A4F7556}") = "Prep3", "csharp-prep\Prep3\Prep3.csproj", "{066D3EC7-2119-419D-A596-D2D967DAADEC}"
EndProject
Project("{9A19103F-16F7-4668-BE54-9A1E7A4F7556}") = "Prep4", "csharp-prep\Prep4\Prep4.csproj", "{52BC896A-56F9-400E-81D1-CE7B0E1749ED}"
EndProject
Project("{9A19103F-16F7-4668-BE54-9A1E7A4F7556}") = "Prep5", "csharp-prep\Prep5\Prep5.csproj", "{ADBA847B-8246-483F-B060-80C384F02383}"
EndProject
Project("{2150E333-8FDC-42A3-9474-1A3956D46DE8}") = "final", "final", "{32CEA18C-A8C0-4CA9-B7F6-C50A51AEF6AC}"
EndProject
Project("{9A19103F-16F7-4668-BE54-9A1E7A4F7556}") = "FinalProject", "final\FinalProject\FinalProject.csproj", "{8E93B715-9948-4502-96FF-A2C2C59133C8}"
EndProject
Project("{9A19103F-16F7-4668-BE54-9A1E7A4F7556}") = "Foundation1", "final\Foundation1\Foundation1.csproj", "{AF3B579F-F5D5-4DD8-A8D9-410F5785355C}"
EndProject
Project("{9A19103F-16F7-4668-BE54-9A1E7A4F7556}") = "Foundation2", "final\Foundation2\Foundation2.csproj", "{DE785CA7-5627-4635-94F4-5B07AA80FE32}"
EndProject
Project("{9A19103F-16F7-4668-BE54-9A1E7A4F7556}") = "Foundation3", "final\Foundation3\Foundation3.csproj", "{087416DC-FC9F-4E59-A677-4CC2A98C3B16}"
EndProject
Project("{9A19103F-16F7-4668-BE54-9A1E7A4F7556}") = "Foundation4", "final\Foundation4\Foundation4.csproj", "{2D8E809E-DEEE-44BD-A396-5EAA610AE98A}"
EndProject
Project("{2150E333-8FDC-42A3-9474-1A3956D46DE8}") = "prepare", "prepare", "{462A5D75-F253-4457-B9F3-2A9842CAF6B1}"
EndProject
Project("{9A19103F-16F7-4668-BE54-9A1E7A4F7556}") = "Learning02", "prepare\Learning02\Learning02.csproj", "{3A1F45D7-CB2B-49E5-AF8A-ED82CDF10001}"
EndProject
Project("{9A19103F-16F7-4668-BE54-9A1E7A4F7556}") = "Learning03", "prepare\Learning03\Learning03.csproj", "{D0AD8343-5989-4C0C-AE61-0B2D50351344}"
EndProject
Project("{9A19103F-16F7-4668-BE54-9A1E7A4F7556}") = "Learning04", "prepare\Learning04\Learning04.csproj", "{F1D4A457-BF59-4A5F-933F-44A073E853D0}"
EndProject
Project("{9A19103F-16F7-4668-BE54-9A1E7A4F7556}") = "Learning05", "prepare\Learning05\Learning05.csproj", "{0FBA44ED-BB37-4EB6-AE44-4E0D6281832C}"
EndProject
Project("{2150E333-8FDC-42A3-9474-1A3956D46DE8}") = "prove", "prove", "{D307AC4A-943B-4C64-93E7-6CC97E25F079}"
EndProject
Project("{9A19103F-16F7-4668-BE54-9A1E7A4F7556}") = "Develop02", "prove\Develop02\Develop02.csproj", "{E93DF8D5-4C7D-424D-BAED-DC2F3C1E5BD6}"
EndProject
Project("{9A19103F-16F7-4668-BE54-9A1E7A4F7556}") = "Develop03", "prove\Develop03\Develop03.csproj", "{50626E97-F1C6-4093-BB28-C8F17E7F949F}"
EndProject
Project("{9A19103F-16F7-4668-BE54-9A1E7A4F7556}") = "Develop04", "prove\Develop04\Develop04.csproj", "{311DC20C-2B78-48D5-BBF4-E5A48B3E1942}"
EndProject
Project("{9A19103F-16F7-4668-BE54-9A1E7A4F7556}") = "Develop05", "prove\Develop05\Develop05.csproj", "{19CD6ADB-6ED5-49A3-92F4-C94B7ABF6A8C}"
EndProject
Project("{2150E333-8FDC-42A3-9474-1A3956D46DE8}") = "sandbox", "sandbox", "{FF5C1243-2131-46F3-86CD-530224438820}"
EndProject
Project("{9A19103F-16F7-4668-BE54-9A1E7A4F7556}") = "Sandbox", "sandbox\Sandbox\Sandbox.csproj", "{BF3F7DA3-63B1-408D-A081-6C92E2BC87C7}"
EndProject
Global
	GlobalSection(SolutionConfigurationPlatforms) = preSolution
		Debug|Any CPU = Debug|Any CPU
		Release|Any CPU = Release|Any CPU
	EndGlobalSection
	GlobalSection(ProjectConfigurationPlatforms) = postSolution
		{4C04B48C-9920-4036-A5EE-D73DA8D37B39}.Debug|Any CPU.ActiveCfg = Debug|Any CPU
		{4C04B48C-9920-4036-A5EE-D73DA8D37B39}.Debug|Any CPU.Build.0 = Debug|Any CPU
		{4C04B48C-9920-4036-A5EE-D73DA8D37B39}.Release|Any CPU.ActiveCfg = Release|Any CPU
		{4C04B48C-9920-4036-A5EE-D73DA8D37B39}.Release|Any CPU.Build.0 = Release|Any CPU
		{1091DDDC-B8AF-4DDA-992D-108031947308}.Debug|Any CPU.ActiveCfg = Debug|Any CPU
		{1091DDDC-B8AF-4DDA-992D-108031947308}.Debug|Any CPU.Build.0 = Debug|Any CPU
		{1091DDDC-B8AF-4DDA-992D-108031947308}.Release|Any CPU.ActiveCfg = Release|Any CPU
		{1091DDDC-B8AF-4DDA-992D-108031947308}.Release|Any CPU.Build.0 = Release|Any CPU
		{066D3EC7-2119-419D-A596-D2D967DAADEC}.Debug|Any CPU.ActiveCfg = Debug|Any CPU
		{066D3EC7-2119-419D-A596-D2D967DAADEC}.Debug|Any CPU.Build.0 = Debug|Any CPU
		{066D3EC7-2119-419D-A596-D2D967DAADEC}.Release|Any CPU.ActiveCfg = Release|Any CPU
		{066D3EC7-2119-419D-A596-D2D967DAADEC}.Release|Any CPU.Build.0 = Release|Any CPU
		{52BC896A-56F9-400E-81D1-CE7B0E1749ED}.Debug|Any CPU.ActiveCfg = Debug|Any CPU
		{52BC896A-56F9-400E-81D1-CE7B0E1749ED}.Debug|Any CPU.Build.0 = Debug|Any CPU
		{52BC896A-56F9-400E-81D1-CE7B0E1749ED}.Release|Any CPU.ActiveCfg = Release|Any CPU
		{52BC896A-56F9-400E-81D1-CE7B0E1749ED}.Release|Any CPU.Build.0 = Release|Any CPU
		{ADBA847B-8246-483F-B060-80C384F02383}.Debug|Any CPU.ActiveCfg = Debug|Any CPU
		{ADBA847B-8246-483F-B060-80C384F02383}.Debug|Any CPU.Build.0 = Debug|Any CPU
		{ADBA847B-8246-483F-B060-80C384F02383}.Release|Any CPU.ActiveCfg = Release|Any CPU
		{ADBA847B-8246-483F-B060-80C384F02383}.Release|Any CPU.Build.0 = Release|Any CPU
		{8E93B715-9948-4502-96FF-A2C2C59133C8}.Debug|Any CPU.ActiveCfg = Debug|Any CPU
		{8E93B715-9948-4502-96FF-A2C2C59133C8}.Debug|Any CPU.Build.0 = Debug|Any CPU
		{8E93B715-9948-4502-96FF-A2C2C59133C8}.Release|Any CPU.ActiveCfg = Release|Any CPU
		{8E93B715-9948-4502-96FF-A2C2C59133C8}.Release|Any CPU.Build.0 = Release|Any CPU
		{AF3B579F-F5D5-4DD8-A8D9-410F5785355C}.Debug|Any CPU.ActiveCfg = Debug|Any CPU
		{AF3B579F-F5D5-4DD8-A8D9-410F5785355C}.Debug|Any CPU.Build.0 = Debug|Any CPU
		{AF3B579F-F5D5-4DD8-A8D9-410F5785355C}.Release|Any CPU.ActiveCfg = Release|Any CPU
		{AF3B579F-F5D5-4DD8-A8D9-410F5785355C}.Release|Any CPU.Build.0 = Release|Any CPU
		{DE785CA7-5627-4635-94F4-5B07AA80FE32}.Debug|Any CPU.ActiveCfg = Debug|Any CPU
		{DE785CA7-5627-4635-94F4-5B07AA80FE32}.Debug|Any CPU.Build.0 = Debug|Any CPU
		{DE785CA7-5627-4635-94F4-5B07AA80FE32}.Release|Any CPU.ActiveCfg = Release|Any CPU
		{DE785CA7-5627-4635-94F4-5B07AA80FE32}.Release|Any CPU.Build.0 = Release|Any CPU
		{087416DC-FC9F-4E59-A677-4CC2A98C3B16}.Debug|Any CPU.ActiveCfg = Debug|Any CPU
		{087416DC-FC9F-4E59-A677-4CC2A98C3B16}.Debug|Any CPU.Build.0 = Debug|Any CPU
		{087416DC-FC9F-4E59-A677-4CC2A98C3B16}.Release|Any CPU.ActiveCfg = Release|Any CPU
		{087416DC-FC9F-4E59-A677-4CC2A98C3B16}.Release|Any CPU.Build.0 = Release|Any CPU
		{2D8E809E-DEEE-44BD-A396-5EAA610AE98A}.Debug|Any CPU.ActiveCfg = Debug|Any CPU
		{2D8E809E-DEEE-44BD-A396-5EAA610AE98A}.Debug|Any CPU.Build.0 = Debug|Any CPU
		{2D8E809E-DEEE-44BD-A396-5EAA610AE98A}.Release|Any CPU.ActiveCfg = Release|Any CPU
		{2D8E809E-DEEE-44BD-A396-5EAA610AE98A}.Release|Any CPU.Build.0 = Release|Any CPU
		{3A1F45D7-CB2B-49E5-AF8A-ED82CDF10001}.Debug|Any CPU.ActiveCfg = Debug|Any CPU
		{3A1F45D7-CB2B-49E5-AF8A-ED82CDF10001}.Debug|Any CPU.Build.0 = Debug|Any CPU
		{3A1F45D7-CB2B-49E5-AF8A-ED82CDF10001}.Release|Any CPU.ActiveCfg = Release|Any CPU
		{3A1F45D7-CB2B-49E5-AF8A-ED82CDF10001}.Release|Any CPU.Build.0 = Release|Any CPU
		{D0AD8343-5989-4C0C-AE61-0B2D50351344}.Debug|Any CPU.ActiveCfg = Debug|Any CPU
		{D0AD8343-5989-4C0C-AE61-0B2D50351344}.Debug|Any CPU.Build.0 = Debug|Any CPU
		{D0AD8343-5989-4C0C-AE61-0B2D50351344}.Release|Any CPU.ActiveCfg = Release|Any CPU
		{D0AD8343-5989-4C0C-AE61-0B2D50351344}.Release|Any CPU.Build.0 = Release|Any CPU
		{F1D4A457-BF59-4A5F-933F-44A073E853D0}.Debug|Any CPU.ActiveCfg = Debug|Any CPU
		{F1D4A457-BF59-4A5F-933F-44A073E853D0}.Debug|Any CPU.Build.0 = Debug|Any CPU
		{F1D4A457-BF59-4A5F-933F-44A073E853D0}.Release|Any CPU.ActiveCfg = Release|Any CPU
		{F1D4A457-BF59-4A5F-933F-44A073E853D0}.Release|Any CPU.Build.0 = Release|Any CPU
		{0FBA44ED-BB37-4EB6-AE44-4E0D6281832C}.Debug|Any CPU.ActiveCfg = Debug|Any CPU
		{0FBA44ED-BB37-4EB6-AE44-4E0D6281832C}.Debug|Any CPU.Build.0 = Debug|Any CPU
		{0FBA44ED-BB37-4EB6-AE44-4E0D6281832C}.Release|Any CPU.ActiveCfg = Release|Any CPU
		{0FBA44ED-BB37-4EB6-AE44-4E0D6281832C}.Release|Any CPU.Build.0 = Release|Any CPU
		{E93DF8D5-4C7D-424D-BAED-DC2F3C1E5BD6}.Debug|Any CPU.ActiveCfg = Debug|Any CPU
		{E93DF8D5-4C7D-424D-BAED-DC2F3C1E5BD6}.Debug|Any CPU.Build.0 = Debug|Any CPU
		{E93DF8D5-4C7D-424D-BAED-DC2F3C1E5BD6}.Release|Any CPU.ActiveCfg = Release|Any CPU
		{E93DF8D5-4C7D-424D-BAED-DC2F3C1E5BD6}.Release|Any CPU.Build.0 = Release|Any CPU
		{50626E97-F1C6-4093-BB28-C8F17E7F949F}.Debug|Any CPU.ActiveCfg = Debug|Any CPU
		{50626E97-F1C6-4093-BB28-C8F17E7F949F}.Debug|Any CPU.Build.0 = Debug|Any CPU
		{50626E97-F1C6-4093-BB28-C8F17E7F949F}.Release|Any CPU.ActiveCfg = Release|Any CPU
		{50626E97-F1C6-4093-BB28-C8F17E7F949F}.Release|Any CPU.Build.0 = Release|Any CPU
		{311DC20C-2B78-48D5-BBF4-E5A48B3E1942}.Debug|Any CPU.ActiveCfg = Debug|Any CPU
		{311DC20C-2B78-48D5-BBF4-E5A48B3E1942}.Debug|Any CPU.Build.0 = Debug|Any CPU
		{311DC20C-2B78-48D5-BBF4-E5A48B3E1942}.Release|Any CPU.ActiveCfg = Release|Any CPU
		{311DC20C-2B78-48D5-BBF4-E5A48B3E1942}.Release|Any CPU.Build.0 = Release|Any CPU
		{19CD6ADB-6ED5-49A3-92F4-C94B7ABF6A8C}.Debug|Any CPU.ActiveCfg = Debug|Any CPU
		{19CD6ADB-6ED5-49A3-92F4-C94B7ABF6A8C}.Debug|Any CPU.Build.0 = Debug|Any CPU
		{19CD6ADB-6ED5-49A3-92F4-C94B7ABF6A8C}.Release|Any CPU.ActiveCfg = Release|Any CPU
		{19CD6ADB-6ED5-49A3-92F4-C94B7ABF6A8C}.Release|Any CPU.Build.0 = Release|Any CPU
		{BF3F7DA3-63B1-408D-A081-6C92E2BC87C7}.Debug|Any CPU.ActiveCfg = Debug|Any CPU
		{BF3F7DA3-63B1-408D-A081-6C92E2BC87C7}.Debug|Any CPU.Build.0 = Debug|Any CPU
		{BF3F7DA3-63B1-408D-A081-6C92E2BC87C7}.Release|Any CPU.ActiveCfg = Release|Any CPU
		{BF3F7DA3-63B1-408D-A081-6C92E2BC87C7}.Release|Any CPU.Build.0 = Release|Any CPU
	EndGlobalSection
	GlobalSection(SolutionProperties) = preSolution
		HideSolutionNode = FALSE
	EndGlobalSection
	GlobalSection(NestedProjects) = preSolution
		{4C04B48C-9920-4036-A5EE-D73DA8D37B39} = {16D95D32-AF4E-472F-B9D4-23A756825CB7}
		{1091DDDC-B8AF-4DDA-992D-108031947308} = {16D95D32-AF4E-472F-B9D4-23A756825CB7}
		{066D3EC7-2119-419D-A596-D2D967DAADEC} = {16D95D32-AF4E-472F-B9D4-23A756825CB7}
		{52BC896A-56F9-400E-81D1-CE7B0E1749ED} = {16D95D32-AF4E-472F-B9D4-23A756825CB7}
		{ADBA847B-8246-483F-B060-80C384F02383} = {16D95D32-AF4E-472F-B9D4-23A756825CB7}
		{8E93B715-9948-4502-96FF-A2C2C59133C8} = {32CEA18C-A8C0-4CA9-B7F6-C50A51AEF6AC}
		{AF3B579F-F5D5-4DD8-A8D9-410F5785355C} = {32CEA18C-A8C0-4CA9-B7F6-C50A51AEF6AC}
		{DE785CA7-5627-4635-94F4-5B07AA80FE32} = {32CEA18C-A8C0-4CA9-B7F6-C50A51AEF6AC}
		{087416DC-FC9F-4E59-A677-4CC2A98C3B16} = {32CEA18C-A8C0-4CA9-B7F6-C50A51AEF6AC}
		{2D8E809E-DEEE-44BD-A396-5EAA610AE98A} = {32CEA18C-A8C0-4CA9-B7F6-C50A51AEF6AC}
		{3A1F45D7-CB2B-49E5-AF8A-ED82CDF10001} = {462A5D75-F253-4457-B9F3-2A9842CAF6B1}
		{D0AD8343-5989-4C0C-AE61-0B2D50351344} = {462A5D75-F253-4457-B9F3-2A9842CAF6B1}
		{F1D4A457-BF59-4A5F-933F-44A073E853D0} = {462A5D75-F253-4457-B9F3-2A9842CAF6B1}
		{0FBA44ED-BB37-4EB6-AE44-4E0D6281832C} = {462A5D75-F253-4457-B9F3-2A9842CAF6B1}
		{E93DF8D5-4C7D-424D-BAED-DC2F3C1E5BD6} = {D307AC4A-943B-4C64-93E7-6CC97E25F079}
		{50626E97-F1C6-4093-BB28-C8F17E7F949F} = {D307AC4A-943B-4C64-93E7-6CC97E25F079}
		{311DC20C-2B78-48D5-BBF4-E5A48B3E1942} = {D307AC4A-943B-4C64-93E7-6CC97E25F079}
		{19CD6ADB-6ED5-49A3-92F4-C94B7ABF6A8C} = {D307AC4A-943B-4C64-93E7-6CC97E25F079}
		{BF3F7DA3-63B1-408D-A081-6C92E2BC87C7} = {FF5C1243-2131-46F3-86CD-530224438820}
	EndGlobalSection
	GlobalSection(ExtensibilityGlobals) = postSolution
		SolutionGuid = {EF55AFB8-08A3-4939-B2B6-942865E50E1D}
	EndGlobalSection
EndGlobal
